
Microsoft Visual Studio Solution File, Format Version 12.00
# Visual Studio 15
VisualStudioVersion = 15.0.27703.2000
MinimumVisualStudioVersion = 10.0.40219.1
Project("{FAE04EC0-301F-11D3-BF4B-00C04F79EFBC}") = "Jodie", "Jodie\Jodie.csproj", "{FAFFB27F-C48E-4104-925B-BA794722FD45}"
EndProject
Global
	GlobalSection(SolutionConfigurationPlatforms) = preSolution
		Debug|Any CPU = Debug|Any CPU
		Release|Any CPU = Release|Any CPU
	EndGlobalSection
	GlobalSection(ProjectConfigurationPlatforms) = postSolution
		{FAFFB27F-C48E-4104-925B-BA794722FD45}.Debug|Any CPU.ActiveCfg = Debug|Any CPU
		{FAFFB27F-C48E-4104-925B-BA794722FD45}.Debug|Any CPU.Build.0 = Debug|Any CPU
		{FAFFB27F-C48E-4104-925B-BA794722FD45}.Release|Any CPU.ActiveCfg = Release|Any CPU
		{FAFFB27F-C48E-4104-925B-BA794722FD45}.Release|Any CPU.Build.0 = Release|Any CPU
	EndGlobalSection
	GlobalSection(SolutionProperties) = preSolution
		HideSolutionNode = FALSE
	EndGlobalSection
	GlobalSection(ExtensibilityGlobals) = postSolution
		SolutionGuid = {DD20B0D8-82E4-4444-9508-EB633DB9AE03}
	EndGlobalSection
EndGlobal
